// !$*UTF8*$!
{
	archiveVersion = 1;
	classes = {
	};
	objectVersion = 56;
	objects = {

/* Begin PBXBuildFile section */
		A49604D129F047720010EE3D /* AppDelegate.swift in Sources */ = {isa = PBXBuildFile; fileRef = A49604D029F047720010EE3D /* AppDelegate.swift */; };
		A49604D329F047720010EE3D /* SceneDelegate.swift in Sources */ = {isa = PBXBuildFile; fileRef = A49604D229F047720010EE3D /* SceneDelegate.swift */; };
		A49604D529F047720010EE3D /* ViewController.swift in Sources */ = {isa = PBXBuildFile; fileRef = A49604D429F047720010EE3D /* ViewController.swift */; };
		A49604D829F047720010EE3D /* Main.storyboard in Resources */ = {isa = PBXBuildFile; fileRef = A49604D629F047720010EE3D /* Main.storyboard */; };
		A49604DA29F047730010EE3D /* Assets.xcassets in Resources */ = {isa = PBXBuildFile; fileRef = A49604D929F047730010EE3D /* Assets.xcassets */; };
		A49604DD29F047730010EE3D /* LaunchScreen.storyboard in Resources */ = {isa = PBXBuildFile; fileRef = A49604DB29F047730010EE3D /* LaunchScreen.storyboard */; };
		A49604E529F047A40010EE3D /* MusicTableViewController.swift in Sources */ = {isa = PBXBuildFile; fileRef = A49604E429F047A40010EE3D /* MusicTableViewController.swift */; };
		A49604E829F04CA10010EE3D /* DataManager.swift in Sources */ = {isa = PBXBuildFile; fileRef = A49604E729F04CA10010EE3D /* DataManager.swift */; };
		A49604EA29F04D180010EE3D /* Song.swift in Sources */ = {isa = PBXBuildFile; fileRef = A49604E929F04D180010EE3D /* Song.swift */; };
		A49604EC29F053070010EE3D /* DetailViewController.swift in Sources */ = {isa = PBXBuildFile; fileRef = A49604EB29F053070010EE3D /* DetailViewController.swift */; };
		A49604EE29F05CBA0010EE3D /* TableViewCell.swift in Sources */ = {isa = PBXBuildFile; fileRef = A49604ED29F05CBA0010EE3D /* TableViewCell.swift */; };
		A49604F029F05DC60010EE3D /* MovieTableViewController.swift in Sources */ = {isa = PBXBuildFile; fileRef = A49604EF29F05DC60010EE3D /* MovieTableViewController.swift */; };
/* End PBXBuildFile section */

/* Begin PBXFileReference section */
		A49604CD29F047720010EE3D /* TableList.app */ = {isa = PBXFileReference; explicitFileType = wrapper.application; includeInIndex = 0; path = TableList.app; sourceTree = BUILT_PRODUCTS_DIR; };
		A49604D029F047720010EE3D /* AppDelegate.swift */ = {isa = PBXFileReference; lastKnownFileType = sourcecode.swift; path = AppDelegate.swift; sourceTree = "<group>"; };
		A49604D229F047720010EE3D /* SceneDelegate.swift */ = {isa = PBXFileReference; lastKnownFileType = sourcecode.swift; path = SceneDelegate.swift; sourceTree = "<group>"; };
		A49604D429F047720010EE3D /* ViewController.swift */ = {isa = PBXFileReference; lastKnownFileType = sourcecode.swift; path = ViewController.swift; sourceTree = "<group>"; };
		A49604D729F047720010EE3D /* Base */ = {isa = PBXFileReference; lastKnownFileType = file.storyboard; name = Base; path = Base.lproj/Main.storyboard; sourceTree = "<group>"; };
		A49604D929F047730010EE3D /* Assets.xcassets */ = {isa = PBXFileReference; lastKnownFileType = folder.assetcatalog; path = Assets.xcassets; sourceTree = "<group>"; };
		A49604DC29F047730010EE3D /* Base */ = {isa = PBXFileReference; lastKnownFileType = file.storyboard; name = Base; path = Base.lproj/LaunchScreen.storyboard; sourceTree = "<group>"; };
		A49604DE29F047740010EE3D /* Info.plist */ = {isa = PBXFileReference; lastKnownFileType = text.plist.xml; path = Info.plist; sourceTree = "<group>"; };
		A49604E429F047A40010EE3D /* MusicTableViewController.swift */ = {isa = PBXFileReference; lastKnownFileType = sourcecode.swift; path = MusicTableViewController.swift; sourceTree = "<group>"; };
		A49604E729F04CA10010EE3D /* DataManager.swift */ = {isa = PBXFileReference; lastKnownFileType = sourcecode.swift; path = DataManager.swift; sourceTree = "<group>"; };
		A49604E929F04D180010EE3D /* Song.swift */ = {isa = PBXFileReference; lastKnownFileType = sourcecode.swift; path = Song.swift; sourceTree = "<group>"; };
		A49604EB29F053070010EE3D /* DetailViewController.swift */ = {isa = PBXFileReference; lastKnownFileType = sourcecode.swift; path = DetailViewController.swift; sourceTree = "<group>"; };
		A49604ED29F05CBA0010EE3D /* TableViewCell.swift */ = {isa = PBXFileReference; lastKnownFileType = sourcecode.swift; path = TableViewCell.swift; sourceTree = "<group>"; };
		A49604EF29F05DC60010EE3D /* MovieTableViewController.swift */ = {isa = PBXFileReference; lastKnownFileType = sourcecode.swift; path = MovieTableViewController.swift; sourceTree = "<group>"; };
/* End PBXFileReference section */

/* Begin PBXFrameworksBuildPhase section */
		A49604CA29F047720010EE3D /* Frameworks */ = {
			isa = PBXFrameworksBuildPhase;
			buildActionMask = 2147483647;
			files = (
			);
			runOnlyForDeploymentPostprocessing = 0;
		};
/* End PBXFrameworksBuildPhase section */

/* Begin PBXGroup section */
		A49604C429F047720010EE3D = {
			isa = PBXGroup;
			children = (
				A49604CF29F047720010EE3D /* TableList */,
				A49604CE29F047720010EE3D /* Products */,
			);
			sourceTree = "<group>";
		};
		A49604CE29F047720010EE3D /* Products */ = {
			isa = PBXGroup;
			children = (
				A49604CD29F047720010EE3D /* TableList.app */,
			);
			name = Products;
			sourceTree = "<group>";
		};
		A49604CF29F047720010EE3D /* TableList */ = {
			isa = PBXGroup;
			children = (
				A49604E629F04C670010EE3D /* Model */,
				A49604D029F047720010EE3D /* AppDelegate.swift */,
				A49604D229F047720010EE3D /* SceneDelegate.swift */,
				A49604D429F047720010EE3D /* ViewController.swift */,
				A49604EB29F053070010EE3D /* DetailViewController.swift */,
				A49604E429F047A40010EE3D /* MusicTableViewController.swift */,
				A49604EF29F05DC60010EE3D /* MovieTableViewController.swift */,
				A49604ED29F05CBA0010EE3D /* TableViewCell.swift */,
				A49604D629F047720010EE3D /* Main.storyboard */,
				A49604D929F047730010EE3D /* Assets.xcassets */,
				A49604DB29F047730010EE3D /* LaunchScreen.storyboard */,
				A49604DE29F047740010EE3D /* Info.plist */,
			);
			path = TableList;
			sourceTree = "<group>";
		};
		A49604E629F04C670010EE3D /* Model */ = {
			isa = PBXGroup;
			children = (
				A49604E729F04CA10010EE3D /* DataManager.swift */,
				A49604E929F04D180010EE3D /* Song.swift */,
			);
			path = Model;
			sourceTree = "<group>";
		};
/* End PBXGroup section */

/* Begin PBXNativeTarget section */
		A49604CC29F047720010EE3D /* TableList */ = {
			isa = PBXNativeTarget;
			buildConfigurationList = A49604E129F047740010EE3D /* Build configuration list for PBXNativeTarget "TableList" */;
			buildPhases = (
				A49604C929F047720010EE3D /* Sources */,
				A49604CA29F047720010EE3D /* Frameworks */,
				A49604CB29F047720010EE3D /* Resources */,
			);
			buildRules = (
			);
			dependencies = (
			);
			name = TableList;
			productName = TableList;
			productReference = A49604CD29F047720010EE3D /* TableList.app */;
			productType = "com.apple.product-type.application";
		};
/* End PBXNativeTarget section */

/* Begin PBXProject section */
		A49604C529F047720010EE3D /* Project object */ = {
			isa = PBXProject;
			attributes = {
				BuildIndependentTargetsInParallel = 1;
				LastSwiftUpdateCheck = 1430;
				LastUpgradeCheck = 1430;
				TargetAttributes = {
					A49604CC29F047720010EE3D = {
						CreatedOnToolsVersion = 14.3;
					};
				};
			};
			buildConfigurationList = A49604C829F047720010EE3D /* Build configuration list for PBXProject "TableList" */;
			compatibilityVersion = "Xcode 14.0";
			developmentRegion = en;
			hasScannedForEncodings = 0;
			knownRegions = (
				en,
				Base,
			);
			mainGroup = A49604C429F047720010EE3D;
			productRefGroup = A49604CE29F047720010EE3D /* Products */;
			projectDirPath = "";
			projectRoot = "";
			targets = (
				A49604CC29F047720010EE3D /* TableList */,
			);
		};
/* End PBXProject section */

/* Begin PBXResourcesBuildPhase section */
		A49604CB29F047720010EE3D /* Resources */ = {
			isa = PBXResourcesBuildPhase;
			buildActionMask = 2147483647;
			files = (
				A49604DD29F047730010EE3D /* LaunchScreen.storyboard in Resources */,
				A49604DA29F047730010EE3D /* Assets.xcassets in Resources */,
				A49604D829F047720010EE3D /* Main.storyboard in Resources */,
			);
			runOnlyForDeploymentPostprocessing = 0;
		};
/* End PBXResourcesBuildPhase section */

/* Begin PBXSourcesBuildPhase section */
		A49604C929F047720010EE3D /* Sources */ = {
			isa = PBXSourcesBuildPhase;
			buildActionMask = 2147483647;
			files = (
				A49604EA29F04D180010EE3D /* Song.swift in Sources */,
				A49604EE29F05CBA0010EE3D /* TableViewCell.swift in Sources */,
				A49604D529F047720010EE3D /* ViewController.swift in Sources */,
				A49604E829F04CA10010EE3D /* DataManager.swift in Sources */,
				A49604E529F047A40010EE3D /* MusicTableViewController.swift in Sources */,
				A49604F029F05DC60010EE3D /* MovieTableViewController.swift in Sources */,
				A49604D129F047720010EE3D /* AppDelegate.swift in Sources */,
				A49604D329F047720010EE3D /* SceneDelegate.swift in Sources */,
				A49604EC29F053070010EE3D /* DetailViewController.swift in Sources */,
			);
			runOnlyForDeploymentPostprocessing = 0;
		};
/* End PBXSourcesBuildPhase section */

/* Begin PBXVariantGroup section */
		A49604D629F047720010EE3D /* Main.storyboard */ = {
			isa = PBXVariantGroup;
			children = (
				A49604D729F047720010EE3D /* Base */,
			);
			name = Main.storyboard;
			sourceTree = "<group>";
		};
		A49604DB29F047730010EE3D /* LaunchScreen.storyboard */ = {
			isa = PBXVariantGroup;
			children = (
				A49604DC29F047730010EE3D /* Base */,
			);
			name = LaunchScreen.storyboard;
			sourceTree = "<group>";
		};
/* End PBXVariantGroup section */

/* Begin XCBuildConfiguration section */
		A49604DF29F047740010EE3D /* Debug */ = {
			isa = XCBuildConfiguration;
			buildSettings = {
				ALWAYS_SEARCH_USER_PATHS = NO;
				CLANG_ANALYZER_NONNULL = YES;
				CLANG_ANALYZER_NUMBER_OBJECT_CONVERSION = YES_AGGRESSIVE;
				CLANG_CXX_LANGUAGE_STANDARD = "gnu++20";
				CLANG_ENABLE_MODULES = YES;
				CLANG_ENABLE_OBJC_ARC = YES;
				CLANG_ENABLE_OBJC_WEAK = YES;
				CLANG_WARN_BLOCK_CAPTURE_AUTORELEASING = YES;
				CLANG_WARN_BOOL_CONVERSION = YES;
				CLANG_WARN_COMMA = YES;
				CLANG_WARN_CONSTANT_CONVERSION = YES;
				CLANG_WARN_DEPRECATED_OBJC_IMPLEMENTATIONS = YES;
				CLANG_WARN_DIRECT_OBJC_ISA_USAGE = YES_ERROR;
				CLANG_WARN_DOCUMENTATION_COMMENTS = YES;
				CLANG_WARN_EMPTY_BODY = YES;
				CLANG_WARN_ENUM_CONVERSION = YES;
				CLANG_WARN_INFINITE_RECURSION = YES;
				CLANG_WARN_INT_CONVERSION = YES;
				CLANG_WARN_NON_LITERAL_NULL_CONVERSION = YES;
				CLANG_WARN_OBJC_IMPLICIT_RETAIN_SELF = YES;
				CLANG_WARN_OBJC_LITERAL_CONVERSION = YES;
				CLANG_WARN_OBJC_ROOT_CLASS = YES_ERROR;
				CLANG_WARN_QUOTED_INCLUDE_IN_FRAMEWORK_HEADER = YES;
				CLANG_WARN_RANGE_LOOP_ANALYSIS = YES;
				CLANG_WARN_STRICT_PROTOTYPES = YES;
				CLANG_WARN_SUSPICIOUS_MOVE = YES;
				CLANG_WARN_UNGUARDED_AVAILABILITY = YES_AGGRESSIVE;
				CLANG_WARN_UNREACHABLE_CODE = YES;
				CLANG_WARN__DUPLICATE_METHOD_MATCH = YES;
				COPY_PHASE_STRIP = NO;
				DEBUG_INFORMATION_FORMAT = dwarf;
				ENABLE_STRICT_OBJC_MSGSEND = YES;
				ENABLE_TESTABILITY = YES;
				GCC_C_LANGUAGE_STANDARD = gnu11;
				GCC_DYNAMIC_NO_PIC = NO;
				GCC_NO_COMMON_BLOCKS = YES;
				GCC_OPTIMIZATION_LEVEL = 0;
				GCC_PREPROCESSOR_DEFINITIONS = (
					"DEBUG=1",
					"$(inherited)",
				);
				GCC_WARN_64_TO_32_BIT_CONVERSION = YES;
				GCC_WARN_ABOUT_RETURN_TYPE = YES_ERROR;
				GCC_WARN_UNDECLARED_SELECTOR = YES;
				GCC_WARN_UNINITIALIZED_AUTOS = YES_AGGRESSIVE;
				GCC_WARN_UNUSED_FUNCTION = YES;
				GCC_WARN_UNUSED_VARIABLE = YES;
				IPHONEOS_DEPLOYMENT_TARGET = 16.4;
				MTL_ENABLE_DEBUG_INFO = INCLUDE_SOURCE;
				MTL_FAST_MATH = YES;
				ONLY_ACTIVE_ARCH = YES;
				SDKROOT = iphoneos;
				SWIFT_ACTIVE_COMPILATION_CONDITIONS = DEBUG;
				SWIFT_OPTIMIZATION_LEVEL = "-Onone";
			};
			name = Debug;
		};
		A49604E029F047740010EE3D /* Release */ = {
			isa = XCBuildConfiguration;
			buildSettings = {
				ALWAYS_SEARCH_USER_PATHS = NO;
				CLANG_ANALYZER_NONNULL = YES;
				CLANG_ANALYZER_NUMBER_OBJECT_CONVERSION = YES_AGGRESSIVE;
				CLANG_CXX_LANGUAGE_STANDARD = "gnu++20";
				CLANG_ENABLE_MODULES = YES;
				CLANG_ENABLE_OBJC_ARC = YES;
				CLANG_ENABLE_OBJC_WEAK = YES;
				CLANG_WARN_BLOCK_CAPTURE_AUTORELEASING = YES;
				CLANG_WARN_BOOL_CONVERSION = YES;
				CLANG_WARN_COMMA = YES;
				CLANG_WARN_CONSTANT_CONVERSION = YES;
				CLANG_WARN_DEPRECATED_OBJC_IMPLEMENTATIONS = YES;
				CLANG_WARN_DIRECT_OBJC_ISA_USAGE = YES_ERROR;
				CLANG_WARN_DOCUMENTATION_COMMENTS = YES;
				CLANG_WARN_EMPTY_BODY = YES;
				CLANG_WARN_ENUM_CONVERSION = YES;
				CLANG_WARN_INFINITE_RECURSION = YES;
				CLANG_WARN_INT_CONVERSION = YES;
				CLANG_WARN_NON_LITERAL_NULL_CONVERSION = YES;
				CLANG_WARN_OBJC_IMPLICIT_RETAIN_SELF = YES;
				CLANG_WARN_OBJC_LITERAL_CONVERSION = YES;
				CLANG_WARN_OBJC_ROOT_CLASS = YES_ERROR;
				CLANG_WARN_QUOTED_INCLUDE_IN_FRAMEWORK_HEADER = YES;
				CLANG_WARN_RANGE_LOOP_ANALYSIS = YES;
				CLANG_WARN_STRICT_PROTOTYPES = YES;
				CLANG_WARN_SUSPICIOUS_MOVE = YES;
				CLANG_WARN_UNGUARDED_AVAILABILITY = YES_AGGRESSIVE;
				CLANG_WARN_UNREACHABLE_CODE = YES;
				CLANG_WARN__DUPLICATE_METHOD_MATCH = YES;
				COPY_PHASE_STRIP = NO;
				DEBUG_INFORMATION_FORMAT = "dwarf-with-dsym";
				ENABLE_NS_ASSERTIONS = NO;
				ENABLE_STRICT_OBJC_MSGSEND = YES;
				GCC_C_LANGUAGE_STANDARD = gnu11;
				GCC_NO_COMMON_BLOCKS = YES;
				GCC_WARN_64_TO_32_BIT_CONVERSION = YES;
				GCC_WARN_ABOUT_RETURN_TYPE = YES_ERROR;
				GCC_WARN_UNDECLARED_SELECTOR = YES;
				GCC_WARN_UNINITIALIZED_AUTOS = YES_AGGRESSIVE;
				GCC_WARN_UNUSED_FUNCTION = YES;
				GCC_WARN_UNUSED_VARIABLE = YES;
				IPHONEOS_DEPLOYMENT_TARGET = 16.4;
				MTL_ENABLE_DEBUG_INFO = NO;
				MTL_FAST_MATH = YES;
				SDKROOT = iphoneos;
				SWIFT_COMPILATION_MODE = wholemodule;
				SWIFT_OPTIMIZATION_LEVEL = "-O";
				VALIDATE_PRODUCT = YES;
			};
			name = Release;
		};
		A49604E229F047740010EE3D /* Debug */ = {
			isa = XCBuildConfiguration;
			buildSettings = {
				ASSETCATALOG_COMPILER_APPICON_NAME = AppIcon;
				ASSETCATALOG_COMPILER_GLOBAL_ACCENT_COLOR_NAME = AccentColor;
				CODE_SIGN_STYLE = Automatic;
				CURRENT_PROJECT_VERSION = 1;
				DEVELOPMENT_TEAM = LH828F3XD3;
				GENERATE_INFOPLIST_FILE = YES;
				INFOPLIST_FILE = TableList/Info.plist;
				INFOPLIST_KEY_UIApplicationSupportsIndirectInputEvents = YES;
				INFOPLIST_KEY_UILaunchStoryboardName = LaunchScreen;
				INFOPLIST_KEY_UIMainStoryboardFile = Main;
				INFOPLIST_KEY_UISupportedInterfaceOrientations_iPad = "UIInterfaceOrientationPortrait UIInterfaceOrientationPortraitUpsideDown UIInterfaceOrientationLandscapeLeft UIInterfaceOrientationLandscapeRight";
				INFOPLIST_KEY_UISupportedInterfaceOrientations_iPhone = "UIInterfaceOrientationPortrait UIInterfaceOrientationLandscapeLeft UIInterfaceOrientationLandscapeRight";
				LD_RUNPATH_SEARCH_PATHS = (
					"$(inherited)",
					"@executable_path/Frameworks",
				);
				MARKETING_VERSION = 1.0;
				PRODUCT_BUNDLE_IDENTIFIER = com.iosbootcamp.TableList;
				PRODUCT_NAME = "$(TARGET_NAME)";
				SWIFT_EMIT_LOC_STRINGS = YES;
				SWIFT_VERSION = 5.0;
				TARGETED_DEVICE_FAMILY = "1,2";
			};
			name = Debug;
		};
		A49604E329F047740010EE3D /* Release */ = {
			isa = XCBuildConfiguration;
			buildSettings = {
				ASSETCATALOG_COMPILER_APPICON_NAME = AppIcon;
				ASSETCATALOG_COMPILER_GLOBAL_ACCENT_COLOR_NAME = AccentColor;
				CODE_SIGN_STYLE = Automatic;
				CURRENT_PROJECT_VERSION = 1;
				DEVELOPMENT_TEAM = LH828F3XD3;
				GENERATE_INFOPLIST_FILE = YES;
				INFOPLIST_FILE = TableList/Info.plist;
				INFOPLIST_KEY_UIApplicationSupportsIndirectInputEvents = YES;
				INFOPLIST_KEY_UILaunchStoryboardName = LaunchScreen;
				INFOPLIST_KEY_UIMainStoryboardFile = Main;
				INFOPLIST_KEY_UISupportedInterfaceOrientations_iPad = "UIInterfaceOrientationPortrait UIInterfaceOrientationPortraitUpsideDown UIInterfaceOrientationLandscapeLeft UIInterfaceOrientationLandscapeRight";
				INFOPLIST_KEY_UISupportedInterfaceOrientations_iPhone = "UIInterfaceOrientationPortrait UIInterfaceOrientationLandscapeLeft UIInterfaceOrientationLandscapeRight";
				LD_RUNPATH_SEARCH_PATHS = (
					"$(inherited)",
					"@executable_path/Frameworks",
				);
				MARKETING_VERSION = 1.0;
				PRODUCT_BUNDLE_IDENTIFIER = com.iosbootcamp.TableList;
				PRODUCT_NAME = "$(TARGET_NAME)";
				SWIFT_EMIT_LOC_STRINGS = YES;
				SWIFT_VERSION = 5.0;
				TARGETED_DEVICE_FAMILY = "1,2";
			};
			name = Release;
		};
/* End XCBuildConfiguration section */

/* Begin XCConfigurationList section */
		A49604C829F047720010EE3D /* Build configuration list for PBXProject "TableList" */ = {
			isa = XCConfigurationList;
			buildConfigurations = (
				A49604DF29F047740010EE3D /* Debug */,
				A49604E029F047740010EE3D /* Release */,
			);
			defaultConfigurationIsVisible = 0;
			defaultConfigurationName = Release;
		};
		A49604E129F047740010EE3D /* Build configuration list for PBXNativeTarget "TableList" */ = {
			isa = XCConfigurationList;
			buildConfigurations = (
				A49604E229F047740010EE3D /* Debug */,
				A49604E329F047740010EE3D /* Release */,
			);
			defaultConfigurationIsVisible = 0;
			defaultConfigurationName = Release;
		};
/* End XCConfigurationList section */
	};
	rootObject = A49604C529F047720010EE3D /* Project object */;
}
